
Microsoft Visual Studio Solution File, Format Version 12.00
# Visual Studio Version 16
VisualStudioVersion = 16.0.30011.22
MinimumVisualStudioVersion = 10.0.40219.1
Project("{9A19103F-16F7-4668-BE54-9A1E7A4F7556}") = "AndevOpsApi", "AndevOpsApi.csproj", "{57EF7DB4-EA2A-4FF4-B849-D5B001913D42}"
EndProject
Project("{2150E333-8FDC-42A3-9474-1A3956D46DE8}") = "AndevWebApi", "AndevWebApi", "{0646C0BE-4E70-437F-A476-4B1F45D82613}"
EndProject
Project("{9A19103F-16F7-4668-BE54-9A1E7A4F7556}") = "Infraestrutura", "..\Infraestrutura\Infraestrutura.csproj", "{854336CE-E635-4C6C-A8D2-0E363C505846}"
EndProject
Project("{9A19103F-16F7-4668-BE54-9A1E7A4F7556}") = "Dominio", "..\Dominio\Dominio.csproj", "{87A67411-05F9-4AB1-878E-70FF0FF376A1}"
EndProject
Project("{9A19103F-16F7-4668-BE54-9A1E7A4F7556}") = "BusinessLogic", "..\BusinessLogic\BusinessLogic.csproj", "{72F8859A-CB99-47CE-B200-ADC58D831B09}"
EndProject
Global
	GlobalSection(SolutionConfigurationPlatforms) = preSolution
		Debug|Any CPU = Debug|Any CPU
		Release|Any CPU = Release|Any CPU
	EndGlobalSection
	GlobalSection(ProjectConfigurationPlatforms) = postSolution
		{57EF7DB4-EA2A-4FF4-B849-D5B001913D42}.Debug|Any CPU.ActiveCfg = Debug|Any CPU
		{57EF7DB4-EA2A-4FF4-B849-D5B001913D42}.Debug|Any CPU.Build.0 = Debug|Any CPU
		{57EF7DB4-EA2A-4FF4-B849-D5B001913D42}.Release|Any CPU.ActiveCfg = Release|Any CPU
		{57EF7DB4-EA2A-4FF4-B849-D5B001913D42}.Release|Any CPU.Build.0 = Release|Any CPU
		{854336CE-E635-4C6C-A8D2-0E363C505846}.Debug|Any CPU.ActiveCfg = Debug|Any CPU
		{854336CE-E635-4C6C-A8D2-0E363C505846}.Debug|Any CPU.Build.0 = Debug|Any CPU
		{854336CE-E635-4C6C-A8D2-0E363C505846}.Release|Any CPU.ActiveCfg = Release|Any CPU
		{854336CE-E635-4C6C-A8D2-0E363C505846}.Release|Any CPU.Build.0 = Release|Any CPU
		{87A67411-05F9-4AB1-878E-70FF0FF376A1}.Debug|Any CPU.ActiveCfg = Debug|Any CPU
		{87A67411-05F9-4AB1-878E-70FF0FF376A1}.Debug|Any CPU.Build.0 = Debug|Any CPU
		{87A67411-05F9-4AB1-878E-70FF0FF376A1}.Release|Any CPU.ActiveCfg = Release|Any CPU
		{87A67411-05F9-4AB1-878E-70FF0FF376A1}.Release|Any CPU.Build.0 = Release|Any CPU
		{72F8859A-CB99-47CE-B200-ADC58D831B09}.Debug|Any CPU.ActiveCfg = Debug|Any CPU
		{72F8859A-CB99-47CE-B200-ADC58D831B09}.Debug|Any CPU.Build.0 = Debug|Any CPU
		{72F8859A-CB99-47CE-B200-ADC58D831B09}.Release|Any CPU.ActiveCfg = Release|Any CPU
		{72F8859A-CB99-47CE-B200-ADC58D831B09}.Release|Any CPU.Build.0 = Release|Any CPU
	EndGlobalSection
	GlobalSection(SolutionProperties) = preSolution
		HideSolutionNode = FALSE
	EndGlobalSection
	GlobalSection(NestedProjects) = preSolution
		{57EF7DB4-EA2A-4FF4-B849-D5B001913D42} = {0646C0BE-4E70-437F-A476-4B1F45D82613}
	EndGlobalSection
	GlobalSection(ExtensibilityGlobals) = postSolution
		SolutionGuid = {E33E9EEA-A8F9-4D1F-B17A-DA238156EC47}
	EndGlobalSection
EndGlobal
